
Microsoft Visual Studio Solution File, Format Version 12.00
# Visual Studio Version 16
VisualStudioVersion = 16.0.29324.140
MinimumVisualStudioVersion = 10.0.40219.1
Project("{9A19103F-16F7-4668-BE54-9A1E7A4F7556}") = "dd-trace-csharp-linux-example", "dd-trace-csharp-linux-example.csproj", "{93EACEE7-2F6B-4480-8B79-F78916FEB882}"
EndProject
Global
	GlobalSection(SolutionConfigurationPlatforms) = preSolution
		Debug|Any CPU = Debug|Any CPU
		Release|Any CPU = Release|Any CPU
	EndGlobalSection
	GlobalSection(ProjectConfigurationPlatforms) = postSolution
		{93EACEE7-2F6B-4480-8B79-F78916FEB882}.Debug|Any CPU.ActiveCfg = Debug|Any CPU
		{93EACEE7-2F6B-4480-8B79-F78916FEB882}.Debug|Any CPU.Build.0 = Debug|Any CPU
		{93EACEE7-2F6B-4480-8B79-F78916FEB882}.Release|Any CPU.ActiveCfg = Release|Any CPU
		{93EACEE7-2F6B-4480-8B79-F78916FEB882}.Release|Any CPU.Build.0 = Release|Any CPU
	EndGlobalSection
	GlobalSection(SolutionProperties) = preSolution
		HideSolutionNode = FALSE
	EndGlobalSection
	GlobalSection(ExtensibilityGlobals) = postSolution
		SolutionGuid = {8427D9AB-487D-4731-9532-A5AFB1DE0BB7}
	EndGlobalSection
EndGlobal
